
Microsoft Visual Studio Solution File, Format Version 11.00
# Visual Studio 2010
Project("{8BC9CEB8-8B4A-11D0-8D11-00A0C91BC942}") = "DiceRoller_ver2.0", "DiceRoller_v2\DiceRoller_ver2.0.vcxproj", "{714BC55A-8A15-42F3-A5CE-C3B9AB3C7FB3}"
EndProject
Global
	GlobalSection(SolutionConfigurationPlatforms) = preSolution
		Debug|Win32 = Debug|Win32
		Release|Win32 = Release|Win32
	EndGlobalSection
	GlobalSection(ProjectConfigurationPlatforms) = postSolution
		{714BC55A-8A15-42F3-A5CE-C3B9AB3C7FB3}.Debug|Win32.ActiveCfg = Debug|Win32
		{714BC55A-8A15-42F3-A5CE-C3B9AB3C7FB3}.Debug|Win32.Build.0 = Debug|Win32
		{714BC55A-8A15-42F3-A5CE-C3B9AB3C7FB3}.Release|Win32.ActiveCfg = Release|Win32
		{714BC55A-8A15-42F3-A5CE-C3B9AB3C7FB3}.Release|Win32.Build.0 = Release|Win32
	EndGlobalSection
	GlobalSection(SolutionProperties) = preSolution
		HideSolutionNode = FALSE
	EndGlobalSection
EndGlobal
